// !$*UTF8*$!
{
	archiveVersion = 1;
	classes = {
	};
	objectVersion = 50;
	objects = {

/* Begin PBXBuildFile section */
		0715110A20E71D630014206D /* TopicDetailWebViewController.swift in Sources */ = {isa = PBXBuildFile; fileRef = 0715110920E71D630014206D /* TopicDetailWebViewController.swift */; };
		0715110C20E71FD80014206D /* LayoutViewController.swift in Sources */ = {isa = PBXBuildFile; fileRef = 0715110B20E71FD80014206D /* LayoutViewController.swift */; };
		072ED80420F8EB8A00941953 /* UserTopicsTableViewCell.swift in Sources */ = {isa = PBXBuildFile; fileRef = 072ED80320F8EB8A00941953 /* UserTopicsTableViewCell.swift */; };
		072ED80620F9FAA300941953 /* CollectTableViewController.swift in Sources */ = {isa = PBXBuildFile; fileRef = 072ED80520F9FAA300941953 /* CollectTableViewController.swift */; };
		072F1C562189494300BA1488 /* underscore.min.js in Resources */ = {isa = PBXBuildFile; fileRef = 072F1C532189494300BA1488 /* underscore.min.js */; };
		072F1C572189494300BA1488 /* topic_detail.html in Resources */ = {isa = PBXBuildFile; fileRef = 072F1C542189494300BA1488 /* topic_detail.html */; };
		072F1C582189494300BA1488 /* app.css in Resources */ = {isa = PBXBuildFile; fileRef = 072F1C552189494300BA1488 /* app.css */; };
		072F1C5A21897AA300BA1488 /* moment.min.js in Resources */ = {isa = PBXBuildFile; fileRef = 072F1C5921897AA300BA1488 /* moment.min.js */; };
		072F1C5C2189AA5F00BA1488 /* AddReplyViewController.swift in Sources */ = {isa = PBXBuildFile; fileRef = 072F1C5B2189AA5F00BA1488 /* AddReplyViewController.swift */; };
		072F1C63218AFDB200BA1488 /* Toast-Swift.swift in Sources */ = {isa = PBXBuildFile; fileRef = 072F1C62218AFDB200BA1488 /* Toast-Swift.swift */; };
		07446BF820E60C4B00768C90 /* LoadMoreView.swift in Sources */ = {isa = PBXBuildFile; fileRef = 07446BF720E60C4B00768C90 /* LoadMoreView.swift */; };
		07446BFA20E60C9800768C90 /* CNodeService.swift in Sources */ = {isa = PBXBuildFile; fileRef = 07446BF920E60C9800768C90 /* CNodeService.swift */; };
		07446BFC20E60DA400768C90 /* TabTopicViewController.swift in Sources */ = {isa = PBXBuildFile; fileRef = 07446BFB20E60DA400768C90 /* TabTopicViewController.swift */; };
		07446BFE20E6115900768C90 /* UserViewController.swift in Sources */ = {isa = PBXBuildFile; fileRef = 07446BFD20E6115900768C90 /* UserViewController.swift */; };
		07446C0020E619C300768C90 /* HomeViewController.swift in Sources */ = {isa = PBXBuildFile; fileRef = 07446BFF20E619C300768C90 /* HomeViewController.swift */; };
		07446C0220E61BD300768C90 /* Constants.swift in Sources */ = {isa = PBXBuildFile; fileRef = 07446C0120E61BD300768C90 /* Constants.swift */; };
		07446C0420E6242600768C90 /* TopicTableViewCell.swift in Sources */ = {isa = PBXBuildFile; fileRef = 07446C0320E6242600768C90 /* TopicTableViewCell.swift */; };
		07446C0620E6270800768C90 /* Result.swift in Sources */ = {isa = PBXBuildFile; fileRef = 07446C0520E6270800768C90 /* Result.swift */; };
		07446C0820E627F500768C90 /* Topic.swift in Sources */ = {isa = PBXBuildFile; fileRef = 07446C0720E627F500768C90 /* Topic.swift */; };
		07446C0A20E6285300768C90 /* Author.swift in Sources */ = {isa = PBXBuildFile; fileRef = 07446C0920E6285300768C90 /* Author.swift */; };
		07446C0C20E63C4200768C90 /* UILabelPadding.swift in Sources */ = {isa = PBXBuildFile; fileRef = 07446C0B20E63C4200768C90 /* UILabelPadding.swift */; };
		074D0BAB2122A9870055B10E /* Message.swift in Sources */ = {isa = PBXBuildFile; fileRef = 074D0BAA2122A9870055B10E /* Message.swift */; };
		074D0BAD2122AE500055B10E /* Notification.swift in Sources */ = {isa = PBXBuildFile; fileRef = 074D0BAC2122AE500055B10E /* Notification.swift */; };
		0770F8952109604900157EF2 /* NotificationTableViewCell.swift in Sources */ = {isa = PBXBuildFile; fileRef = 0770F8942109604900157EF2 /* NotificationTableViewCell.swift */; };
		07742D4120F4B458004C80AA /* LBXScanNetAnimation.swift in Sources */ = {isa = PBXBuildFile; fileRef = 07742D3A20F4B458004C80AA /* LBXScanNetAnimation.swift */; };
		07742D4220F4B458004C80AA /* LBXScanView.swift in Sources */ = {isa = PBXBuildFile; fileRef = 07742D3B20F4B458004C80AA /* LBXScanView.swift */; };
		07742D4320F4B458004C80AA /* LBXPermissions.swift in Sources */ = {isa = PBXBuildFile; fileRef = 07742D3C20F4B458004C80AA /* LBXPermissions.swift */; };
		07742D4420F4B458004C80AA /* LBXScanViewController.swift in Sources */ = {isa = PBXBuildFile; fileRef = 07742D3D20F4B458004C80AA /* LBXScanViewController.swift */; };
		07742D4520F4B458004C80AA /* LBXScanViewStyle.swift in Sources */ = {isa = PBXBuildFile; fileRef = 07742D3E20F4B458004C80AA /* LBXScanViewStyle.swift */; };
		07742D4620F4B458004C80AA /* LBXScanWrapper.swift in Sources */ = {isa = PBXBuildFile; fileRef = 07742D3F20F4B458004C80AA /* LBXScanWrapper.swift */; };
		07742D4720F4B458004C80AA /* LBXScanLineAnimation.swift in Sources */ = {isa = PBXBuildFile; fileRef = 07742D4020F4B458004C80AA /* LBXScanLineAnimation.swift */; };
		07742D4920F5912F004C80AA /* UserCenterViewController.swift in Sources */ = {isa = PBXBuildFile; fileRef = 07742D4820F5912F004C80AA /* UserCenterViewController.swift */; };
		07742D4B20F596FC004C80AA /* UserHeaderTableViewCell.swift in Sources */ = {isa = PBXBuildFile; fileRef = 07742D4A20F596FC004C80AA /* UserHeaderTableViewCell.swift */; };
		078B340720E9CD6A006AD5D1 /* Reply.swift in Sources */ = {isa = PBXBuildFile; fileRef = 078B340620E9CD6A006AD5D1 /* Reply.swift */; };
		079A88C120E5C58000C1E76F /* AppDelegate.swift in Sources */ = {isa = PBXBuildFile; fileRef = 079A88C020E5C58000C1E76F /* AppDelegate.swift */; };
		079A88C320E5C58000C1E76F /* TabsViewController.swift in Sources */ = {isa = PBXBuildFile; fileRef = 079A88C220E5C58000C1E76F /* TabsViewController.swift */; };
		079A88C620E5C58000C1E76F /* Main.storyboard in Resources */ = {isa = PBXBuildFile; fileRef = 079A88C420E5C58000C1E76F /* Main.storyboard */; };
		079A88C820E5C58100C1E76F /* Assets.xcassets in Resources */ = {isa = PBXBuildFile; fileRef = 079A88C720E5C58100C1E76F /* Assets.xcassets */; };
		079A88CB20E5C58100C1E76F /* LaunchScreen.storyboard in Resources */ = {isa = PBXBuildFile; fileRef = 079A88C920E5C58100C1E76F /* LaunchScreen.storyboard */; };
		079A891720E5FD2100C1E76F /* NotificationViewController.swift in Sources */ = {isa = PBXBuildFile; fileRef = 079A891620E5FD2100C1E76F /* NotificationViewController.swift */; };
		07A5428020EBBE960068B99C /* RefreshView.swift in Sources */ = {isa = PBXBuildFile; fileRef = 07A5427F20EBBE960068B99C /* RefreshView.swift */; };
		07A821382191C04200141475 /* Localizable.strings in Resources */ = {isa = PBXBuildFile; fileRef = 07A8213A2191C04200141475 /* Localizable.strings */; };
		07C5540820F8E1600056E314 /* TabsTopicAndReplyViewController.swift in Sources */ = {isa = PBXBuildFile; fileRef = 07C5540720F8E1600056E314 /* TabsTopicAndReplyViewController.swift */; };
		07C5540A20F8E1BC0056E314 /* TopicOrReplyTableViewController.swift in Sources */ = {isa = PBXBuildFile; fileRef = 07C5540920F8E1BC0056E314 /* TopicOrReplyTableViewController.swift */; };
		07D77EED2192E381002D8849 /* SimpleTableViewCell.swift in Sources */ = {isa = PBXBuildFile; fileRef = 07D77EEC2192E381002D8849 /* SimpleTableViewCell.swift */; };
		07D77EEF2192F92C002D8849 /* SwitchButtonTableViewCell.swift in Sources */ = {isa = PBXBuildFile; fileRef = 07D77EEE2192F92C002D8849 /* SwitchButtonTableViewCell.swift */; };
		07D77EF12192FC31002D8849 /* SettingsTableViewController.swift in Sources */ = {isa = PBXBuildFile; fileRef = 07D77EF02192FC31002D8849 /* SettingsTableViewController.swift */; };
		636F8FB742041EF846EE3E20 /* Pods_CNodeJS_Swift.framework in Frameworks */ = {isa = PBXBuildFile; fileRef = 627EDB689CD3A0B23E88F623 /* Pods_CNodeJS_Swift.framework */; };
/* End PBXBuildFile section */

/* Begin PBXFileReference section */
		0715110920E71D630014206D /* TopicDetailWebViewController.swift */ = {isa = PBXFileReference; lastKnownFileType = sourcecode.swift; path = TopicDetailWebViewController.swift; sourceTree = "<group>"; };
		0715110B20E71FD80014206D /* LayoutViewController.swift */ = {isa = PBXFileReference; lastKnownFileType = sourcecode.swift; path = LayoutViewController.swift; sourceTree = "<group>"; };
		072ED80320F8EB8A00941953 /* UserTopicsTableViewCell.swift */ = {isa = PBXFileReference; lastKnownFileType = sourcecode.swift; path = UserTopicsTableViewCell.swift; sourceTree = "<group>"; };
		072ED80520F9FAA300941953 /* CollectTableViewController.swift */ = {isa = PBXFileReference; lastKnownFileType = sourcecode.swift; path = CollectTableViewController.swift; sourceTree = "<group>"; };
		072F1C532189494300BA1488 /* underscore.min.js */ = {isa = PBXFileReference; fileEncoding = 4; lastKnownFileType = sourcecode.javascript; path = underscore.min.js; sourceTree = "<group>"; };
		072F1C542189494300BA1488 /* topic_detail.html */ = {isa = PBXFileReference; fileEncoding = 4; lastKnownFileType = text.html; path = topic_detail.html; sourceTree = "<group>"; };
		072F1C552189494300BA1488 /* app.css */ = {isa = PBXFileReference; fileEncoding = 4; lastKnownFileType = text.css; path = app.css; sourceTree = "<group>"; };
		072F1C5921897AA300BA1488 /* moment.min.js */ = {isa = PBXFileReference; lastKnownFileType = sourcecode.javascript; path = moment.min.js; sourceTree = "<group>"; };
		072F1C5B2189AA5F00BA1488 /* AddReplyViewController.swift */ = {isa = PBXFileReference; lastKnownFileType = sourcecode.swift; path = AddReplyViewController.swift; sourceTree = "<group>"; };
		072F1C62218AFDB200BA1488 /* Toast-Swift.swift */ = {isa = PBXFileReference; lastKnownFileType = sourcecode.swift; path = "Toast-Swift.swift"; sourceTree = "<group>"; };
		07446BF720E60C4B00768C90 /* LoadMoreView.swift */ = {isa = PBXFileReference; lastKnownFileType = sourcecode.swift; path = LoadMoreView.swift; sourceTree = "<group>"; };
		07446BF920E60C9800768C90 /* CNodeService.swift */ = {isa = PBXFileReference; lastKnownFileType = sourcecode.swift; path = CNodeService.swift; sourceTree = "<group>"; };
		07446BFB20E60DA400768C90 /* TabTopicViewController.swift */ = {isa = PBXFileReference; lastKnownFileType = sourcecode.swift; path = TabTopicViewController.swift; sourceTree = "<group>"; };
		07446BFD20E6115900768C90 /* UserViewController.swift */ = {isa = PBXFileReference; lastKnownFileType = sourcecode.swift; path = UserViewController.swift; sourceTree = "<group>"; };
		07446BFF20E619C300768C90 /* HomeViewController.swift */ = {isa = PBXFileReference; lastKnownFileType = sourcecode.swift; path = HomeViewController.swift; sourceTree = "<group>"; };
		07446C0120E61BD300768C90 /* Constants.swift */ = {isa = PBXFileReference; lastKnownFileType = sourcecode.swift; path = Constants.swift; sourceTree = "<group>"; };
		07446C0320E6242600768C90 /* TopicTableViewCell.swift */ = {isa = PBXFileReference; lastKnownFileType = sourcecode.swift; path = TopicTableViewCell.swift; sourceTree = "<group>"; };
		07446C0520E6270800768C90 /* Result.swift */ = {isa = PBXFileReference; lastKnownFileType = sourcecode.swift; path = Result.swift; sourceTree = "<group>"; };
		07446C0720E627F500768C90 /* Topic.swift */ = {isa = PBXFileReference; lastKnownFileType = sourcecode.swift; path = Topic.swift; sourceTree = "<group>"; };
		07446C0920E6285300768C90 /* Author.swift */ = {isa = PBXFileReference; lastKnownFileType = sourcecode.swift; path = Author.swift; sourceTree = "<group>"; };
		07446C0B20E63C4200768C90 /* UILabelPadding.swift */ = {isa = PBXFileReference; lastKnownFileType = sourcecode.swift; path = UILabelPadding.swift; sourceTree = "<group>"; };
		074D0BAA2122A9870055B10E /* Message.swift */ = {isa = PBXFileReference; lastKnownFileType = sourcecode.swift; path = Message.swift; sourceTree = "<group>"; };
		074D0BAC2122AE500055B10E /* Notification.swift */ = {isa = PBXFileReference; lastKnownFileType = sourcecode.swift; path = Notification.swift; sourceTree = "<group>"; };
		0770F8942109604900157EF2 /* NotificationTableViewCell.swift */ = {isa = PBXFileReference; lastKnownFileType = sourcecode.swift; path = NotificationTableViewCell.swift; sourceTree = "<group>"; };
		07742D3A20F4B458004C80AA /* LBXScanNetAnimation.swift */ = {isa = PBXFileReference; fileEncoding = 4; lastKnownFileType = sourcecode.swift; path = LBXScanNetAnimation.swift; sourceTree = "<group>"; };
		07742D3B20F4B458004C80AA /* LBXScanView.swift */ = {isa = PBXFileReference; fileEncoding = 4; lastKnownFileType = sourcecode.swift; path = LBXScanView.swift; sourceTree = "<group>"; };
		07742D3C20F4B458004C80AA /* LBXPermissions.swift */ = {isa = PBXFileReference; fileEncoding = 4; lastKnownFileType = sourcecode.swift; path = LBXPermissions.swift; sourceTree = "<group>"; };
		07742D3D20F4B458004C80AA /* LBXScanViewController.swift */ = {isa = PBXFileReference; fileEncoding = 4; lastKnownFileType = sourcecode.swift; path = LBXScanViewController.swift; sourceTree = "<group>"; };
		07742D3E20F4B458004C80AA /* LBXScanViewStyle.swift */ = {isa = PBXFileReference; fileEncoding = 4; lastKnownFileType = sourcecode.swift; path = LBXScanViewStyle.swift; sourceTree = "<group>"; };
		07742D3F20F4B458004C80AA /* LBXScanWrapper.swift */ = {isa = PBXFileReference; fileEncoding = 4; lastKnownFileType = sourcecode.swift; path = LBXScanWrapper.swift; sourceTree = "<group>"; };
		07742D4020F4B458004C80AA /* LBXScanLineAnimation.swift */ = {isa = PBXFileReference; fileEncoding = 4; lastKnownFileType = sourcecode.swift; path = LBXScanLineAnimation.swift; sourceTree = "<group>"; };
		07742D4820F5912F004C80AA /* UserCenterViewController.swift */ = {isa = PBXFileReference; lastKnownFileType = sourcecode.swift; path = UserCenterViewController.swift; sourceTree = "<group>"; };
		07742D4A20F596FC004C80AA /* UserHeaderTableViewCell.swift */ = {isa = PBXFileReference; lastKnownFileType = sourcecode.swift; path = UserHeaderTableViewCell.swift; sourceTree = "<group>"; };
		078B340620E9CD6A006AD5D1 /* Reply.swift */ = {isa = PBXFileReference; lastKnownFileType = sourcecode.swift; path = Reply.swift; sourceTree = "<group>"; };
		079A88BD20E5C58000C1E76F /* CNodeJS-Swift.app */ = {isa = PBXFileReference; explicitFileType = wrapper.application; includeInIndex = 0; path = "CNodeJS-Swift.app"; sourceTree = BUILT_PRODUCTS_DIR; };
		079A88C020E5C58000C1E76F /* AppDelegate.swift */ = {isa = PBXFileReference; lastKnownFileType = sourcecode.swift; path = AppDelegate.swift; sourceTree = "<group>"; };
		079A88C220E5C58000C1E76F /* TabsViewController.swift */ = {isa = PBXFileReference; lastKnownFileType = sourcecode.swift; path = TabsViewController.swift; sourceTree = "<group>"; };
		079A88C520E5C58000C1E76F /* Base */ = {isa = PBXFileReference; lastKnownFileType = file.storyboard; name = Base; path = Base.lproj/Main.storyboard; sourceTree = "<group>"; };
		079A88C720E5C58100C1E76F /* Assets.xcassets */ = {isa = PBXFileReference; lastKnownFileType = folder.assetcatalog; path = Assets.xcassets; sourceTree = "<group>"; };
		079A88CA20E5C58100C1E76F /* Base */ = {isa = PBXFileReference; lastKnownFileType = file.storyboard; name = Base; path = Base.lproj/LaunchScreen.storyboard; sourceTree = "<group>"; };
		079A88CC20E5C58100C1E76F /* Info.plist */ = {isa = PBXFileReference; lastKnownFileType = text.plist.xml; path = Info.plist; sourceTree = "<group>"; };
		079A891620E5FD2100C1E76F /* NotificationViewController.swift */ = {isa = PBXFileReference; lastKnownFileType = sourcecode.swift; path = NotificationViewController.swift; sourceTree = "<group>"; };
		07A5427F20EBBE960068B99C /* RefreshView.swift */ = {isa = PBXFileReference; lastKnownFileType = sourcecode.swift; path = RefreshView.swift; sourceTree = "<group>"; };
		07A821392191C04200141475 /* en */ = {isa = PBXFileReference; lastKnownFileType = text.plist.strings; name = en; path = en.lproj/Localizable.strings; sourceTree = "<group>"; };
		07A8213B2191C06800141475 /* zh-Hans */ = {isa = PBXFileReference; lastKnownFileType = text.plist.strings; name = "zh-Hans"; path = "zh-Hans.lproj/Main.strings"; sourceTree = "<group>"; };
		07A8213C2191C06900141475 /* zh-Hans */ = {isa = PBXFileReference; lastKnownFileType = text.plist.strings; name = "zh-Hans"; path = "zh-Hans.lproj/LaunchScreen.strings"; sourceTree = "<group>"; };
		07A8213D2191C06900141475 /* zh-Hans */ = {isa = PBXFileReference; lastKnownFileType = text.plist.strings; name = "zh-Hans"; path = "zh-Hans.lproj/Localizable.strings"; sourceTree = "<group>"; };
		07C5540720F8E1600056E314 /* TabsTopicAndReplyViewController.swift */ = {isa = PBXFileReference; lastKnownFileType = sourcecode.swift; path = TabsTopicAndReplyViewController.swift; sourceTree = "<group>"; };
		07C5540920F8E1BC0056E314 /* TopicOrReplyTableViewController.swift */ = {isa = PBXFileReference; lastKnownFileType = sourcecode.swift; path = TopicOrReplyTableViewController.swift; sourceTree = "<group>"; };
		07D77EEC2192E381002D8849 /* SimpleTableViewCell.swift */ = {isa = PBXFileReference; lastKnownFileType = sourcecode.swift; path = SimpleTableViewCell.swift; sourceTree = "<group>"; };
		07D77EEE2192F92C002D8849 /* SwitchButtonTableViewCell.swift */ = {isa = PBXFileReference; lastKnownFileType = sourcecode.swift; path = SwitchButtonTableViewCell.swift; sourceTree = "<group>"; };
		07D77EF02192FC31002D8849 /* SettingsTableViewController.swift */ = {isa = PBXFileReference; lastKnownFileType = sourcecode.swift; path = SettingsTableViewController.swift; sourceTree = "<group>"; };
		627EDB689CD3A0B23E88F623 /* Pods_CNodeJS_Swift.framework */ = {isa = PBXFileReference; explicitFileType = wrapper.framework; includeInIndex = 0; path = Pods_CNodeJS_Swift.framework; sourceTree = BUILT_PRODUCTS_DIR; };
		C5A9CD8FB6D3186E894505EB /* Pods-CNodeJS-Swift.release.xcconfig */ = {isa = PBXFileReference; includeInIndex = 1; lastKnownFileType = text.xcconfig; name = "Pods-CNodeJS-Swift.release.xcconfig"; path = "Pods/Target Support Files/Pods-CNodeJS-Swift/Pods-CNodeJS-Swift.release.xcconfig"; sourceTree = "<group>"; };
		D5FFCA14473FEE46461B9308 /* Pods-CNodeJS-Swift.debug.xcconfig */ = {isa = PBXFileReference; includeInIndex = 1; lastKnownFileType = text.xcconfig; name = "Pods-CNodeJS-Swift.debug.xcconfig"; path = "Pods/Target Support Files/Pods-CNodeJS-Swift/Pods-CNodeJS-Swift.debug.xcconfig"; sourceTree = "<group>"; };
/* End PBXFileReference section */

/* Begin PBXFrameworksBuildPhase section */
		079A88BA20E5C58000C1E76F /* Frameworks */ = {
			isa = PBXFrameworksBuildPhase;
			buildActionMask = 2147483647;
			files = (
				636F8FB742041EF846EE3E20 /* Pods_CNodeJS_Swift.framework in Frameworks */,
			);
			runOnlyForDeploymentPostprocessing = 0;
		};
/* End PBXFrameworksBuildPhase section */

/* Begin PBXGroup section */
		072F1C522189494300BA1488 /* Resource */ = {
			isa = PBXGroup;
			children = (
				072F1C532189494300BA1488 /* underscore.min.js */,
				072F1C542189494300BA1488 /* topic_detail.html */,
				072F1C552189494300BA1488 /* app.css */,
				072F1C5921897AA300BA1488 /* moment.min.js */,
			);
			path = Resource;
			sourceTree = "<group>";
		};
		072F1C61218AFDA300BA1488 /* Toast-Swift */ = {
			isa = PBXGroup;
			children = (
				072F1C62218AFDB200BA1488 /* Toast-Swift.swift */,
			);
			path = "Toast-Swift";
			sourceTree = "<group>";
		};
		07446BF620E60C3900768C90 /* Util */ = {
			isa = PBXGroup;
			children = (
				07446BF720E60C4B00768C90 /* LoadMoreView.swift */,
				07446BF920E60C9800768C90 /* CNodeService.swift */,
				07446C0120E61BD300768C90 /* Constants.swift */,
				07446C0B20E63C4200768C90 /* UILabelPadding.swift */,
				07A5427F20EBBE960068B99C /* RefreshView.swift */,
			);
			path = Util;
			sourceTree = "<group>";
		};
		07742D3920F4B405004C80AA /* SwiftScan */ = {
			isa = PBXGroup;
			children = (
				07742D3C20F4B458004C80AA /* LBXPermissions.swift */,
				07742D4020F4B458004C80AA /* LBXScanLineAnimation.swift */,
				07742D3A20F4B458004C80AA /* LBXScanNetAnimation.swift */,
				07742D3B20F4B458004C80AA /* LBXScanView.swift */,
				07742D3D20F4B458004C80AA /* LBXScanViewController.swift */,
				07742D3E20F4B458004C80AA /* LBXScanViewStyle.swift */,
				07742D3F20F4B458004C80AA /* LBXScanWrapper.swift */,
			);
			path = SwiftScan;
			sourceTree = "<group>";
		};
		079A88B420E5C58000C1E76F = {
			isa = PBXGroup;
			children = (
				072F1C61218AFDA300BA1488 /* Toast-Swift */,
				072F1C522189494300BA1488 /* Resource */,
				07742D3920F4B405004C80AA /* SwiftScan */,
				079A891A20E608F900C1E76F /* Cell */,
				079A88BF20E5C58000C1E76F /* CNodeJS-Swift */,
				079A891820E608E900C1E76F /* Controller */,
				5588F244308DF36E9E3119F5 /* Frameworks */,
				079A891920E608F500C1E76F /* Model */,
				91E81104980A73FD48F70BFC /* Pods */,
				079A88BE20E5C58000C1E76F /* Products */,
				07446BF620E60C3900768C90 /* Util */,
			);
			sourceTree = "<group>";
		};
		079A88BE20E5C58000C1E76F /* Products */ = {
			isa = PBXGroup;
			children = (
				079A88BD20E5C58000C1E76F /* CNodeJS-Swift.app */,
			);
			name = Products;
			sourceTree = "<group>";
		};
		079A88BF20E5C58000C1E76F /* CNodeJS-Swift */ = {
			isa = PBXGroup;
			children = (
				079A88C020E5C58000C1E76F /* AppDelegate.swift */,
				079A88C420E5C58000C1E76F /* Main.storyboard */,
				079A88C720E5C58100C1E76F /* Assets.xcassets */,
				079A88C920E5C58100C1E76F /* LaunchScreen.storyboard */,
				079A88CC20E5C58100C1E76F /* Info.plist */,
				07A8213A2191C04200141475 /* Localizable.strings */,
			);
			path = "CNodeJS-Swift";
			sourceTree = "<group>";
		};
		079A891820E608E900C1E76F /* Controller */ = {
			isa = PBXGroup;
			children = (
				0715110B20E71FD80014206D /* LayoutViewController.swift */,
				07446BFF20E619C300768C90 /* HomeViewController.swift */,
				079A891620E5FD2100C1E76F /* NotificationViewController.swift */,
				07446BFD20E6115900768C90 /* UserViewController.swift */,
				079A88C220E5C58000C1E76F /* TabsViewController.swift */,
				07446BFB20E60DA400768C90 /* TabTopicViewController.swift */,
				0715110920E71D630014206D /* TopicDetailWebViewController.swift */,
				07742D4820F5912F004C80AA /* UserCenterViewController.swift */,
				07C5540720F8E1600056E314 /* TabsTopicAndReplyViewController.swift */,
				07C5540920F8E1BC0056E314 /* TopicOrReplyTableViewController.swift */,
				072ED80520F9FAA300941953 /* CollectTableViewController.swift */,
				072F1C5B2189AA5F00BA1488 /* AddReplyViewController.swift */,
				07D77EF02192FC31002D8849 /* SettingsTableViewController.swift */,
			);
			path = Controller;
			sourceTree = "<group>";
		};
		079A891920E608F500C1E76F /* Model */ = {
			isa = PBXGroup;
			children = (
				07446C0520E6270800768C90 /* Result.swift */,
				07446C0720E627F500768C90 /* Topic.swift */,
				07446C0920E6285300768C90 /* Author.swift */,
				078B340620E9CD6A006AD5D1 /* Reply.swift */,
				074D0BAA2122A9870055B10E /* Message.swift */,
				074D0BAC2122AE500055B10E /* Notification.swift */,
			);
			path = Model;
			sourceTree = "<group>";
		};
		079A891A20E608F900C1E76F /* Cell */ = {
			isa = PBXGroup;
			children = (
				07D77EEC2192E381002D8849 /* SimpleTableViewCell.swift */,
				07D77EEE2192F92C002D8849 /* SwitchButtonTableViewCell.swift */,
				07446C0320E6242600768C90 /* TopicTableViewCell.swift */,
				07742D4A20F596FC004C80AA /* UserHeaderTableViewCell.swift */,
				072ED80320F8EB8A00941953 /* UserTopicsTableViewCell.swift */,
				0770F8942109604900157EF2 /* NotificationTableViewCell.swift */,
			);
			path = Cell;
			sourceTree = "<group>";
		};
		5588F244308DF36E9E3119F5 /* Frameworks */ = {
			isa = PBXGroup;
			children = (
				627EDB689CD3A0B23E88F623 /* Pods_CNodeJS_Swift.framework */,
			);
			name = Frameworks;
			sourceTree = "<group>";
		};
		91E81104980A73FD48F70BFC /* Pods */ = {
			isa = PBXGroup;
			children = (
				D5FFCA14473FEE46461B9308 /* Pods-CNodeJS-Swift.debug.xcconfig */,
				C5A9CD8FB6D3186E894505EB /* Pods-CNodeJS-Swift.release.xcconfig */,
			);
			name = Pods;
			sourceTree = "<group>";
		};
/* End PBXGroup section */

/* Begin PBXNativeTarget section */
		079A88BC20E5C58000C1E76F /* CNodeJS-Swift */ = {
			isa = PBXNativeTarget;
			buildConfigurationList = 079A88CF20E5C58100C1E76F /* Build configuration list for PBXNativeTarget "CNodeJS-Swift" */;
			buildPhases = (
				EBDDA6D2BD503CBCE3880751 /* [CP] Check Pods Manifest.lock */,
				079A88B920E5C58000C1E76F /* Sources */,
				079A88BA20E5C58000C1E76F /* Frameworks */,
				079A88BB20E5C58000C1E76F /* Resources */,
				75A62CA714CB3EE71DC197EE /* [CP] Embed Pods Frameworks */,
			);
			buildRules = (
			);
			dependencies = (
			);
			name = "CNodeJS-Swift";
			productName = "CNodeJS-Swift";
			productReference = 079A88BD20E5C58000C1E76F /* CNodeJS-Swift.app */;
			productType = "com.apple.product-type.application";
		};
/* End PBXNativeTarget section */

/* Begin PBXProject section */
		079A88B520E5C58000C1E76F /* Project object */ = {
			isa = PBXProject;
			attributes = {
				LastSwiftUpdateCheck = 0940;
				LastUpgradeCheck = 0940;
				ORGANIZATIONNAME = H;
				TargetAttributes = {
					079A88BC20E5C58000C1E76F = {
						CreatedOnToolsVersion = 9.4.1;
					};
				};
			};
			buildConfigurationList = 079A88B820E5C58000C1E76F /* Build configuration list for PBXProject "CNodeJS-Swift" */;
			compatibilityVersion = "Xcode 9.3";
			developmentRegion = en;
			hasScannedForEncodings = 0;
			knownRegions = (
				en,
				Base,
				"zh-Hans",
			);
			mainGroup = 079A88B420E5C58000C1E76F;
			productRefGroup = 079A88BE20E5C58000C1E76F /* Products */;
			projectDirPath = "";
			projectRoot = "";
			targets = (
				079A88BC20E5C58000C1E76F /* CNodeJS-Swift */,
			);
		};
/* End PBXProject section */

/* Begin PBXResourcesBuildPhase section */
		079A88BB20E5C58000C1E76F /* Resources */ = {
			isa = PBXResourcesBuildPhase;
			buildActionMask = 2147483647;
			files = (
				072F1C562189494300BA1488 /* underscore.min.js in Resources */,
				072F1C572189494300BA1488 /* topic_detail.html in Resources */,
				072F1C5A21897AA300BA1488 /* moment.min.js in Resources */,
				079A88CB20E5C58100C1E76F /* LaunchScreen.storyboard in Resources */,
				072F1C582189494300BA1488 /* app.css in Resources */,
				07A821382191C04200141475 /* Localizable.strings in Resources */,
				079A88C820E5C58100C1E76F /* Assets.xcassets in Resources */,
				079A88C620E5C58000C1E76F /* Main.storyboard in Resources */,
			);
			runOnlyForDeploymentPostprocessing = 0;
		};
/* End PBXResourcesBuildPhase section */

/* Begin PBXShellScriptBuildPhase section */
		75A62CA714CB3EE71DC197EE /* [CP] Embed Pods Frameworks */ = {
			isa = PBXShellScriptBuildPhase;
			buildActionMask = 2147483647;
			files = (
			);
			inputPaths = (
				"${SRCROOT}/Pods/Target Support Files/Pods-CNodeJS-Swift/Pods-CNodeJS-Swift-frameworks.sh",
				"${BUILT_PRODUCTS_DIR}/Alamofire/Alamofire.framework",
				"${BUILT_PRODUCTS_DIR}/DeviceKit/DeviceKit.framework",
				"${BUILT_PRODUCTS_DIR}/FDFullscreenPopGesture/FDFullscreenPopGesture.framework",
				"${BUILT_PRODUCTS_DIR}/Kingfisher/Kingfisher.framework",
				"${BUILT_PRODUCTS_DIR}/MJRefresh/MJRefresh.framework",
				"${BUILT_PRODUCTS_DIR}/Moya/Moya.framework",
				"${BUILT_PRODUCTS_DIR}/NightNight/NightNight.framework",
				"${BUILT_PRODUCTS_DIR}/Result/Result.framework",
				"${BUILT_PRODUCTS_DIR}/SDWebImage/SDWebImage.framework",
				"${BUILT_PRODUCTS_DIR}/SnapKit/SnapKit.framework",
				"${BUILT_PRODUCTS_DIR}/SwiftyJSON/SwiftyJSON.framework",
				"${BUILT_PRODUCTS_DIR}/UIColor_Hex_Swift/UIColor_Hex_Swift.framework",
				"${BUILT_PRODUCTS_DIR}/XLPagerTabStrip/XLPagerTabStrip.framework",
				"${BUILT_PRODUCTS_DIR}/YBImageBrowser/YBImageBrowser.framework",
				"${BUILT_PRODUCTS_DIR}/YYImage/YYImage.framework",
			);
			name = "[CP] Embed Pods Frameworks";
			outputPaths = (
				"${TARGET_BUILD_DIR}/${FRAMEWORKS_FOLDER_PATH}/Alamofire.framework",
				"${TARGET_BUILD_DIR}/${FRAMEWORKS_FOLDER_PATH}/DeviceKit.framework",
				"${TARGET_BUILD_DIR}/${FRAMEWORKS_FOLDER_PATH}/FDFullscreenPopGesture.framework",
				"${TARGET_BUILD_DIR}/${FRAMEWORKS_FOLDER_PATH}/Kingfisher.framework",
				"${TARGET_BUILD_DIR}/${FRAMEWORKS_FOLDER_PATH}/MJRefresh.framework",
				"${TARGET_BUILD_DIR}/${FRAMEWORKS_FOLDER_PATH}/Moya.framework",
				"${TARGET_BUILD_DIR}/${FRAMEWORKS_FOLDER_PATH}/NightNight.framework",
				"${TARGET_BUILD_DIR}/${FRAMEWORKS_FOLDER_PATH}/Result.framework",
				"${TARGET_BUILD_DIR}/${FRAMEWORKS_FOLDER_PATH}/SDWebImage.framework",
				"${TARGET_BUILD_DIR}/${FRAMEWORKS_FOLDER_PATH}/SnapKit.framework",
				"${TARGET_BUILD_DIR}/${FRAMEWORKS_FOLDER_PATH}/SwiftyJSON.framework",
				"${TARGET_BUILD_DIR}/${FRAMEWORKS_FOLDER_PATH}/UIColor_Hex_Swift.framework",
				"${TARGET_BUILD_DIR}/${FRAMEWORKS_FOLDER_PATH}/XLPagerTabStrip.framework",
				"${TARGET_BUILD_DIR}/${FRAMEWORKS_FOLDER_PATH}/YBImageBrowser.framework",
				"${TARGET_BUILD_DIR}/${FRAMEWORKS_FOLDER_PATH}/YYImage.framework",
			);
			runOnlyForDeploymentPostprocessing = 0;
			shellPath = /bin/sh;
			shellScript = "\"${SRCROOT}/Pods/Target Support Files/Pods-CNodeJS-Swift/Pods-CNodeJS-Swift-frameworks.sh\"\n";
			showEnvVarsInLog = 0;
		};
		EBDDA6D2BD503CBCE3880751 /* [CP] Check Pods Manifest.lock */ = {
			isa = PBXShellScriptBuildPhase;
			buildActionMask = 2147483647;
			files = (
			);
			inputPaths = (
				"${PODS_PODFILE_DIR_PATH}/Podfile.lock",
				"${PODS_ROOT}/Manifest.lock",
			);
			name = "[CP] Check Pods Manifest.lock";
			outputPaths = (
				"$(DERIVED_FILE_DIR)/Pods-CNodeJS-Swift-checkManifestLockResult.txt",
			);
			runOnlyForDeploymentPostprocessing = 0;
			shellPath = /bin/sh;
			shellScript = "diff \"${PODS_PODFILE_DIR_PATH}/Podfile.lock\" \"${PODS_ROOT}/Manifest.lock\" > /dev/null\nif [ $? != 0 ] ; then\n    # print error to STDERR\n    echo \"error: The sandbox is not in sync with the Podfile.lock. Run 'pod install' or update your CocoaPods installation.\" >&2\n    exit 1\nfi\n# This output is used by Xcode 'outputs' to avoid re-running this script phase.\necho \"SUCCESS\" > \"${SCRIPT_OUTPUT_FILE_0}\"\n";
			showEnvVarsInLog = 0;
		};
/* End PBXShellScriptBuildPhase section */

/* Begin PBXSourcesBuildPhase section */
		079A88B920E5C58000C1E76F /* Sources */ = {
			isa = PBXSourcesBuildPhase;
			buildActionMask = 2147483647;
			files = (
				0770F8952109604900157EF2 /* NotificationTableViewCell.swift in Sources */,
				07446BFE20E6115900768C90 /* UserViewController.swift in Sources */,
				07742D4B20F596FC004C80AA /* UserHeaderTableViewCell.swift in Sources */,
				07446C0820E627F500768C90 /* Topic.swift in Sources */,
				07C5540820F8E1600056E314 /* TabsTopicAndReplyViewController.swift in Sources */,
				0715110C20E71FD80014206D /* LayoutViewController.swift in Sources */,
				07742D4720F4B458004C80AA /* LBXScanLineAnimation.swift in Sources */,
				07446C0C20E63C4200768C90 /* UILabelPadding.swift in Sources */,
				07C5540A20F8E1BC0056E314 /* TopicOrReplyTableViewController.swift in Sources */,
				079A88C320E5C58000C1E76F /* TabsViewController.swift in Sources */,
				07446BF820E60C4B00768C90 /* LoadMoreView.swift in Sources */,
				07446C0020E619C300768C90 /* HomeViewController.swift in Sources */,
				074D0BAD2122AE500055B10E /* Notification.swift in Sources */,
				07742D4920F5912F004C80AA /* UserCenterViewController.swift in Sources */,
				07D77EF12192FC31002D8849 /* SettingsTableViewController.swift in Sources */,
				079A88C120E5C58000C1E76F /* AppDelegate.swift in Sources */,
				07742D4120F4B458004C80AA /* LBXScanNetAnimation.swift in Sources */,
				07742D4220F4B458004C80AA /* LBXScanView.swift in Sources */,
				07446C0420E6242600768C90 /* TopicTableViewCell.swift in Sources */,
				07742D4320F4B458004C80AA /* LBXPermissions.swift in Sources */,
				079A891720E5FD2100C1E76F /* NotificationViewController.swift in Sources */,
				07D77EED2192E381002D8849 /* SimpleTableViewCell.swift in Sources */,
				07742D4520F4B458004C80AA /* LBXScanViewStyle.swift in Sources */,
				07446BFC20E60DA400768C90 /* TabTopicViewController.swift in Sources */,
				07A5428020EBBE960068B99C /* RefreshView.swift in Sources */,
				07446C0A20E6285300768C90 /* Author.swift in Sources */,
				07D77EEF2192F92C002D8849 /* SwitchButtonTableViewCell.swift in Sources */,
				072ED80620F9FAA300941953 /* CollectTableViewController.swift in Sources */,
				072ED80420F8EB8A00941953 /* UserTopicsTableViewCell.swift in Sources */,
				078B340720E9CD6A006AD5D1 /* Reply.swift in Sources */,
				074D0BAB2122A9870055B10E /* Message.swift in Sources */,
				07446BFA20E60C9800768C90 /* CNodeService.swift in Sources */,
				072F1C63218AFDB200BA1488 /* Toast-Swift.swift in Sources */,
				07742D4420F4B458004C80AA /* LBXScanViewController.swift in Sources */,
				072F1C5C2189AA5F00BA1488 /* AddReplyViewController.swift in Sources */,
				07742D4620F4B458004C80AA /* LBXScanWrapper.swift in Sources */,
				07446C0220E61BD300768C90 /* Constants.swift in Sources */,
				0715110A20E71D630014206D /* TopicDetailWebViewController.swift in Sources */,
				07446C0620E6270800768C90 /* Result.swift in Sources */,
			);
			runOnlyForDeploymentPostprocessing = 0;
		};
/* End PBXSourcesBuildPhase section */

/* Begin PBXVariantGroup section */
		079A88C420E5C58000C1E76F /* Main.storyboard */ = {
			isa = PBXVariantGroup;
			children = (
				079A88C520E5C58000C1E76F /* Base */,
				07A8213B2191C06800141475 /* zh-Hans */,
			);
			name = Main.storyboard;
			sourceTree = "<group>";
		};
		079A88C920E5C58100C1E76F /* LaunchScreen.storyboard */ = {
			isa = PBXVariantGroup;
			children = (
				079A88CA20E5C58100C1E76F /* Base */,
				07A8213C2191C06900141475 /* zh-Hans */,
			);
			name = LaunchScreen.storyboard;
			sourceTree = "<group>";
		};
		07A8213A2191C04200141475 /* Localizable.strings */ = {
			isa = PBXVariantGroup;
			children = (
				07A821392191C04200141475 /* en */,
				07A8213D2191C06900141475 /* zh-Hans */,
			);
			name = Localizable.strings;
			sourceTree = "<group>";
		};
/* End PBXVariantGroup section */

/* Begin XCBuildConfiguration section */
		079A88CD20E5C58100C1E76F /* Debug */ = {
			isa = XCBuildConfiguration;
			buildSettings = {
				ALWAYS_SEARCH_USER_PATHS = NO;
				CLANG_ANALYZER_LOCALIZABILITY_NONLOCALIZED = YES;
				CLANG_ANALYZER_NONNULL = YES;
				CLANG_ANALYZER_NUMBER_OBJECT_CONVERSION = YES_AGGRESSIVE;
				CLANG_CXX_LANGUAGE_STANDARD = "gnu++14";
				CLANG_CXX_LIBRARY = "libc++";
				CLANG_ENABLE_MODULES = YES;
				CLANG_ENABLE_OBJC_ARC = YES;
				CLANG_ENABLE_OBJC_WEAK = YES;
				CLANG_WARN_BLOCK_CAPTURE_AUTORELEASING = YES;
				CLANG_WARN_BOOL_CONVERSION = YES;
				CLANG_WARN_COMMA = YES;
				CLANG_WARN_CONSTANT_CONVERSION = YES;
				CLANG_WARN_DEPRECATED_OBJC_IMPLEMENTATIONS = YES;
				CLANG_WARN_DIRECT_OBJC_ISA_USAGE = YES_ERROR;
				CLANG_WARN_DOCUMENTATION_COMMENTS = YES;
				CLANG_WARN_EMPTY_BODY = YES;
				CLANG_WARN_ENUM_CONVERSION = YES;
				CLANG_WARN_INFINITE_RECURSION = YES;
				CLANG_WARN_INT_CONVERSION = YES;
				CLANG_WARN_NON_LITERAL_NULL_CONVERSION = YES;
				CLANG_WARN_OBJC_IMPLICIT_RETAIN_SELF = YES;
				CLANG_WARN_OBJC_LITERAL_CONVERSION = YES;
				CLANG_WARN_OBJC_ROOT_CLASS = YES_ERROR;
				CLANG_WARN_RANGE_LOOP_ANALYSIS = YES;
				CLANG_WARN_STRICT_PROTOTYPES = YES;
				CLANG_WARN_SUSPICIOUS_MOVE = YES;
				CLANG_WARN_UNGUARDED_AVAILABILITY = YES_AGGRESSIVE;
				CLANG_WARN_UNREACHABLE_CODE = YES;
				CLANG_WARN__DUPLICATE_METHOD_MATCH = YES;
				CODE_SIGN_IDENTITY = "iPhone Developer";
				COPY_PHASE_STRIP = NO;
				DEBUG_INFORMATION_FORMAT = dwarf;
				ENABLE_STRICT_OBJC_MSGSEND = YES;
				ENABLE_TESTABILITY = YES;
				GCC_C_LANGUAGE_STANDARD = gnu11;
				GCC_DYNAMIC_NO_PIC = NO;
				GCC_NO_COMMON_BLOCKS = YES;
				GCC_OPTIMIZATION_LEVEL = 0;
				GCC_PREPROCESSOR_DEFINITIONS = (
					"DEBUG=1",
					"$(inherited)",
				);
				GCC_WARN_64_TO_32_BIT_CONVERSION = YES;
				GCC_WARN_ABOUT_RETURN_TYPE = YES_ERROR;
				GCC_WARN_UNDECLARED_SELECTOR = YES;
				GCC_WARN_UNINITIALIZED_AUTOS = YES_AGGRESSIVE;
				GCC_WARN_UNUSED_FUNCTION = YES;
				GCC_WARN_UNUSED_VARIABLE = YES;
				IPHONEOS_DEPLOYMENT_TARGET = 11.4;
				MTL_ENABLE_DEBUG_INFO = YES;
				ONLY_ACTIVE_ARCH = YES;
				SDKROOT = iphoneos;
				SWIFT_ACTIVE_COMPILATION_CONDITIONS = DEBUG;
				SWIFT_OPTIMIZATION_LEVEL = "-Onone";
			};
			name = Debug;
		};
		079A88CE20E5C58100C1E76F /* Release */ = {
			isa = XCBuildConfiguration;
			buildSettings = {
				ALWAYS_SEARCH_USER_PATHS = NO;
				CLANG_ANALYZER_LOCALIZABILITY_NONLOCALIZED = YES;
				CLANG_ANALYZER_NONNULL = YES;
				CLANG_ANALYZER_NUMBER_OBJECT_CONVERSION = YES_AGGRESSIVE;
				CLANG_CXX_LANGUAGE_STANDARD = "gnu++14";
				CLANG_CXX_LIBRARY = "libc++";
				CLANG_ENABLE_MODULES = YES;
				CLANG_ENABLE_OBJC_ARC = YES;
				CLANG_ENABLE_OBJC_WEAK = YES;
				CLANG_WARN_BLOCK_CAPTURE_AUTORELEASING = YES;
				CLANG_WARN_BOOL_CONVERSION = YES;
				CLANG_WARN_COMMA = YES;
				CLANG_WARN_CONSTANT_CONVERSION = YES;
				CLANG_WARN_DEPRECATED_OBJC_IMPLEMENTATIONS = YES;
				CLANG_WARN_DIRECT_OBJC_ISA_USAGE = YES_ERROR;
				CLANG_WARN_DOCUMENTATION_COMMENTS = YES;
				CLANG_WARN_EMPTY_BODY = YES;
				CLANG_WARN_ENUM_CONVERSION = YES;
				CLANG_WARN_INFINITE_RECURSION = YES;
				CLANG_WARN_INT_CONVERSION = YES;
				CLANG_WARN_NON_LITERAL_NULL_CONVERSION = YES;
				CLANG_WARN_OBJC_IMPLICIT_RETAIN_SELF = YES;
				CLANG_WARN_OBJC_LITERAL_CONVERSION = YES;
				CLANG_WARN_OBJC_ROOT_CLASS = YES_ERROR;
				CLANG_WARN_RANGE_LOOP_ANALYSIS = YES;
				CLANG_WARN_STRICT_PROTOTYPES = YES;
				CLANG_WARN_SUSPICIOUS_MOVE = YES;
				CLANG_WARN_UNGUARDED_AVAILABILITY = YES_AGGRESSIVE;
				CLANG_WARN_UNREACHABLE_CODE = YES;
				CLANG_WARN__DUPLICATE_METHOD_MATCH = YES;
				CODE_SIGN_IDENTITY = "iPhone Developer";
				COPY_PHASE_STRIP = NO;
				DEBUG_INFORMATION_FORMAT = "dwarf-with-dsym";
				ENABLE_NS_ASSERTIONS = NO;
				ENABLE_STRICT_OBJC_MSGSEND = YES;
				GCC_C_LANGUAGE_STANDARD = gnu11;
				GCC_NO_COMMON_BLOCKS = YES;
				GCC_WARN_64_TO_32_BIT_CONVERSION = YES;
				GCC_WARN_ABOUT_RETURN_TYPE = YES_ERROR;
				GCC_WARN_UNDECLARED_SELECTOR = YES;
				GCC_WARN_UNINITIALIZED_AUTOS = YES_AGGRESSIVE;
				GCC_WARN_UNUSED_FUNCTION = YES;
				GCC_WARN_UNUSED_VARIABLE = YES;
				IPHONEOS_DEPLOYMENT_TARGET = 11.4;
				MTL_ENABLE_DEBUG_INFO = NO;
				SDKROOT = iphoneos;
				SWIFT_COMPILATION_MODE = wholemodule;
				SWIFT_OPTIMIZATION_LEVEL = "-O";
				VALIDATE_PRODUCT = YES;
			};
			name = Release;
		};
		079A88D020E5C58100C1E76F /* Debug */ = {
			isa = XCBuildConfiguration;
			baseConfigurationReference = D5FFCA14473FEE46461B9308 /* Pods-CNodeJS-Swift.debug.xcconfig */;
			buildSettings = {
				ASSETCATALOG_COMPILER_APPICON_NAME = AppIcon;
				ASSETCATALOG_COMPILER_LAUNCHIMAGE_NAME = LaunchImage;
				CODE_SIGN_IDENTITY = "iPhone Developer";
				CODE_SIGN_STYLE = Automatic;
				DEVELOPMENT_TEAM = 79EEAF2463;
				INFOPLIST_FILE = "CNodeJS-Swift/Info.plist";
				IPHONEOS_DEPLOYMENT_TARGET = 10.0;
				LD_RUNPATH_SEARCH_PATHS = (
					"$(inherited)",
					"@executable_path/Frameworks",
				);
				PRODUCT_BUNDLE_IDENTIFIER = co.yiiu.cnodejs1;
				PRODUCT_NAME = "$(TARGET_NAME)";
				PROVISIONING_PROFILE_SPECIFIER = "";
				SWIFT_VERSION = 4.0;
				TARGETED_DEVICE_FAMILY = 1;
			};
			name = Debug;
		};
		079A88D120E5C58100C1E76F /* Release */ = {
			isa = XCBuildConfiguration;
			baseConfigurationReference = C5A9CD8FB6D3186E894505EB /* Pods-CNodeJS-Swift.release.xcconfig */;
			buildSettings = {
				ASSETCATALOG_COMPILER_APPICON_NAME = AppIcon;
				ASSETCATALOG_COMPILER_LAUNCHIMAGE_NAME = LaunchImage;
				CODE_SIGN_IDENTITY = "iPhone Developer";
				CODE_SIGN_STYLE = Automatic;
				DEVELOPMENT_TEAM = 79EEAF2463;
				INFOPLIST_FILE = "CNodeJS-Swift/Info.plist";
				IPHONEOS_DEPLOYMENT_TARGET = 10.0;
				LD_RUNPATH_SEARCH_PATHS = (
					"$(inherited)",
					"@executable_path/Frameworks",
				);
				PRODUCT_BUNDLE_IDENTIFIER = co.yiiu.cnodejs1;
				PRODUCT_NAME = "$(TARGET_NAME)";
				PROVISIONING_PROFILE_SPECIFIER = "";
				SWIFT_VERSION = 4.0;
				TARGETED_DEVICE_FAMILY = 1;
			};
			name = Release;
		};
/* End XCBuildConfiguration section */

/* Begin XCConfigurationList section */
		079A88B820E5C58000C1E76F /* Build configuration list for PBXProject "CNodeJS-Swift" */ = {
			isa = XCConfigurationList;
			buildConfigurations = (
				079A88CD20E5C58100C1E76F /* Debug */,
				079A88CE20E5C58100C1E76F /* Release */,
			);
			defaultConfigurationIsVisible = 0;
			defaultConfigurationName = Release;
		};
		079A88CF20E5C58100C1E76F /* Build configuration list for PBXNativeTarget "CNodeJS-Swift" */ = {
			isa = XCConfigurationList;
			buildConfigurations = (
				079A88D020E5C58100C1E76F /* Debug */,
				079A88D120E5C58100C1E76F /* Release */,
			);
			defaultConfigurationIsVisible = 0;
			defaultConfigurationName = Release;
		};
/* End XCConfigurationList section */
	};
	rootObject = 079A88B520E5C58000C1E76F /* Project object */;
}
